
Microsoft Visual Studio Solution File, Format Version 12.00
# Visual Studio Version 17
VisualStudioVersion = 17.2.32630.192
MinimumVisualStudioVersion = 10.0.40219.1
Project("{FAE04EC0-301F-11D3-BF4B-00C04F79EFBC}") = "HashDemo", "HashDemo\HashDemo.csproj", "{2F3C3E71-C389-40EE-9C22-555B6916DF46}"
EndProject
Global
	GlobalSection(SolutionConfigurationPlatforms) = preSolution
		Debug|Any CPU = Debug|Any CPU
		Release|Any CPU = Release|Any CPU
	EndGlobalSection
	GlobalSection(ProjectConfigurationPlatforms) = postSolution
		{2F3C3E71-C389-40EE-9C22-555B6916DF46}.Debug|Any CPU.ActiveCfg = Debug|Any CPU
		{2F3C3E71-C389-40EE-9C22-555B6916DF46}.Debug|Any CPU.Build.0 = Debug|Any CPU
		{2F3C3E71-C389-40EE-9C22-555B6916DF46}.Release|Any CPU.ActiveCfg = Release|Any CPU
		{2F3C3E71-C389-40EE-9C22-555B6916DF46}.Release|Any CPU.Build.0 = Release|Any CPU
	EndGlobalSection
	GlobalSection(SolutionProperties) = preSolution
		HideSolutionNode = FALSE
	EndGlobalSection
	GlobalSection(ExtensibilityGlobals) = postSolution
		SolutionGuid = {A165FD11-3ABD-41D3-920C-12F6256F0324}
	EndGlobalSection
EndGlobal
